// !$*UTF8*$!
{
	archiveVersion = 1;
	classes = {
	};
	objectVersion = 50;
	objects = {

/* Begin PBXBuildFile section */
		0D3E8EA2291D695C000E300F /* PLPCollectionViewCell.swift in Sources */ = {isa = PBXBuildFile; fileRef = 0D3E8EA0291D695C000E300F /* PLPCollectionViewCell.swift */; };
		0D3E8EA3291D695C000E300F /* PLPCollectionViewCell.xib in Resources */ = {isa = PBXBuildFile; fileRef = 0D3E8EA1291D695C000E300F /* PLPCollectionViewCell.xib */; };
		0D968B21291D4CA4004A859A /* AppDelegate.swift in Sources */ = {isa = PBXBuildFile; fileRef = 0D968B20291D4CA4004A859A /* AppDelegate.swift */; };
		0D968B23291D4CA4004A859A /* SceneDelegate.swift in Sources */ = {isa = PBXBuildFile; fileRef = 0D968B22291D4CA4004A859A /* SceneDelegate.swift */; };
		0D968B2A291D4CA7004A859A /* Assets.xcassets in Resources */ = {isa = PBXBuildFile; fileRef = 0D968B29291D4CA7004A859A /* Assets.xcassets */; };
		0D968B2D291D4CA7004A859A /* LaunchScreen.storyboard in Resources */ = {isa = PBXBuildFile; fileRef = 0D968B2B291D4CA7004A859A /* LaunchScreen.storyboard */; };
		0D968B3B291E539E004A859A /* HomePage.swift in Sources */ = {isa = PBXBuildFile; fileRef = 0D968B39291E539E004A859A /* HomePage.swift */; };
		0D968B3C291E539E004A859A /* HomePage.xib in Resources */ = {isa = PBXBuildFile; fileRef = 0D968B3A291E539E004A859A /* HomePage.xib */; };
		0D968B40291E5467004A859A /* Product.swift in Sources */ = {isa = PBXBuildFile; fileRef = 0D968B3F291E5467004A859A /* Product.swift */; };
/* End PBXBuildFile section */

/* Begin PBXFileReference section */
		0D3E8EA0291D695C000E300F /* PLPCollectionViewCell.swift */ = {isa = PBXFileReference; lastKnownFileType = sourcecode.swift; path = PLPCollectionViewCell.swift; sourceTree = "<group>"; };
		0D3E8EA1291D695C000E300F /* PLPCollectionViewCell.xib */ = {isa = PBXFileReference; lastKnownFileType = file.xib; path = PLPCollectionViewCell.xib; sourceTree = "<group>"; };
		0D968B1D291D4CA4004A859A /* test_tech.app */ = {isa = PBXFileReference; explicitFileType = wrapper.application; includeInIndex = 0; path = test_tech.app; sourceTree = BUILT_PRODUCTS_DIR; };
		0D968B20291D4CA4004A859A /* AppDelegate.swift */ = {isa = PBXFileReference; lastKnownFileType = sourcecode.swift; path = AppDelegate.swift; sourceTree = "<group>"; };
		0D968B22291D4CA4004A859A /* SceneDelegate.swift */ = {isa = PBXFileReference; lastKnownFileType = sourcecode.swift; path = SceneDelegate.swift; sourceTree = "<group>"; };
		0D968B29291D4CA7004A859A /* Assets.xcassets */ = {isa = PBXFileReference; lastKnownFileType = folder.assetcatalog; path = Assets.xcassets; sourceTree = "<group>"; };
		0D968B2C291D4CA7004A859A /* Base */ = {isa = PBXFileReference; lastKnownFileType = file.storyboard; name = Base; path = Base.lproj/LaunchScreen.storyboard; sourceTree = "<group>"; };
		0D968B2E291D4CA7004A859A /* Info.plist */ = {isa = PBXFileReference; lastKnownFileType = text.plist.xml; path = Info.plist; sourceTree = "<group>"; };
		0D968B39291E539E004A859A /* HomePage.swift */ = {isa = PBXFileReference; lastKnownFileType = sourcecode.swift; path = HomePage.swift; sourceTree = "<group>"; };
		0D968B3A291E539E004A859A /* HomePage.xib */ = {isa = PBXFileReference; lastKnownFileType = file.xib; path = HomePage.xib; sourceTree = "<group>"; };
		0D968B3F291E5467004A859A /* Product.swift */ = {isa = PBXFileReference; lastKnownFileType = sourcecode.swift; path = Product.swift; sourceTree = "<group>"; };
/* End PBXFileReference section */

/* Begin PBXFrameworksBuildPhase section */
		0D968B1A291D4CA4004A859A /* Frameworks */ = {
			isa = PBXFrameworksBuildPhase;
			buildActionMask = 2147483647;
			files = (
			);
			runOnlyForDeploymentPostprocessing = 0;
		};
/* End PBXFrameworksBuildPhase section */

/* Begin PBXGroup section */
		0D3E8E9F291D691B000E300F /* CollectionViewCell */ = {
			isa = PBXGroup;
			children = (
				0D3E8EA0291D695C000E300F /* PLPCollectionViewCell.swift */,
				0D3E8EA1291D695C000E300F /* PLPCollectionViewCell.xib */,
			);
			path = CollectionViewCell;
			sourceTree = "<group>";
		};
		0D968B14291D4CA4004A859A = {
			isa = PBXGroup;
			children = (
				0D968B1F291D4CA4004A859A /* test_tech */,
				0D968B1E291D4CA4004A859A /* Products */,
			);
			sourceTree = "<group>";
		};
		0D968B1E291D4CA4004A859A /* Products */ = {
			isa = PBXGroup;
			children = (
				0D968B1D291D4CA4004A859A /* test_tech.app */,
			);
			name = Products;
			sourceTree = "<group>";
		};
		0D968B1F291D4CA4004A859A /* test_tech */ = {
			isa = PBXGroup;
			children = (
				0D968B3E291E5452004A859A /* Model */,
				0D968B37291E534B004A859A /* HomePage */,
				0D968B20291D4CA4004A859A /* AppDelegate.swift */,
				0D968B22291D4CA4004A859A /* SceneDelegate.swift */,
				0D968B29291D4CA7004A859A /* Assets.xcassets */,
				0D968B2B291D4CA7004A859A /* LaunchScreen.storyboard */,
				0D968B2E291D4CA7004A859A /* Info.plist */,
			);
			path = test_tech;
			sourceTree = "<group>";
		};
		0D968B37291E534B004A859A /* HomePage */ = {
			isa = PBXGroup;
			children = (
				0D3E8E9F291D691B000E300F /* CollectionViewCell */,
				0D968B39291E539E004A859A /* HomePage.swift */,
				0D968B3A291E539E004A859A /* HomePage.xib */,
			);
			path = HomePage;
			sourceTree = "<group>";
		};
		0D968B3E291E5452004A859A /* Model */ = {
			isa = PBXGroup;
			children = (
				0D968B3F291E5467004A859A /* Product.swift */,
			);
			path = Model;
			sourceTree = "<group>";
		};
/* End PBXGroup section */

/* Begin PBXNativeTarget section */
		0D968B1C291D4CA4004A859A /* test_tech */ = {
			isa = PBXNativeTarget;
			buildConfigurationList = 0D968B31291D4CA7004A859A /* Build configuration list for PBXNativeTarget "test_tech" */;
			buildPhases = (
				0D968B19291D4CA4004A859A /* Sources */,
				0D968B1A291D4CA4004A859A /* Frameworks */,
				0D968B1B291D4CA4004A859A /* Resources */,
			);
			buildRules = (
			);
			dependencies = (
			);
			name = test_tech;
			productName = test_tech;
			productReference = 0D968B1D291D4CA4004A859A /* test_tech.app */;
			productType = "com.apple.product-type.application";
		};
/* End PBXNativeTarget section */

/* Begin PBXProject section */
		0D968B15291D4CA4004A859A /* Project object */ = {
			isa = PBXProject;
			attributes = {
				LastSwiftUpdateCheck = 1240;
				LastUpgradeCheck = 1240;
				TargetAttributes = {
					0D968B1C291D4CA4004A859A = {
						CreatedOnToolsVersion = 12.4;
					};
				};
			};
			buildConfigurationList = 0D968B18291D4CA4004A859A /* Build configuration list for PBXProject "test_tech" */;
			compatibilityVersion = "Xcode 9.3";
			developmentRegion = en;
			hasScannedForEncodings = 0;
			knownRegions = (
				en,
				Base,
			);
			mainGroup = 0D968B14291D4CA4004A859A;
			productRefGroup = 0D968B1E291D4CA4004A859A /* Products */;
			projectDirPath = "";
			projectRoot = "";
			targets = (
				0D968B1C291D4CA4004A859A /* test_tech */,
			);
		};
/* End PBXProject section */

/* Begin PBXResourcesBuildPhase section */
		0D968B1B291D4CA4004A859A /* Resources */ = {
			isa = PBXResourcesBuildPhase;
			buildActionMask = 2147483647;
			files = (
				0D968B3C291E539E004A859A /* HomePage.xib in Resources */,
				0D3E8EA3291D695C000E300F /* PLPCollectionViewCell.xib in Resources */,
				0D968B2D291D4CA7004A859A /* LaunchScreen.storyboard in Resources */,
				0D968B2A291D4CA7004A859A /* Assets.xcassets in Resources */,
			);
			runOnlyForDeploymentPostprocessing = 0;
		};
/* End PBXResourcesBuildPhase section */

/* Begin PBXSourcesBuildPhase section */
		0D968B19291D4CA4004A859A /* Sources */ = {
			isa = PBXSourcesBuildPhase;
			buildActionMask = 2147483647;
			files = (
				0D968B21291D4CA4004A859A /* AppDelegate.swift in Sources */,
				0D3E8EA2291D695C000E300F /* PLPCollectionViewCell.swift in Sources */,
				0D968B40291E5467004A859A /* Product.swift in Sources */,
				0D968B3B291E539E004A859A /* HomePage.swift in Sources */,
				0D968B23291D4CA4004A859A /* SceneDelegate.swift in Sources */,
			);
			runOnlyForDeploymentPostprocessing = 0;
		};
/* End PBXSourcesBuildPhase section */

/* Begin PBXVariantGroup section */
		0D968B2B291D4CA7004A859A /* LaunchScreen.storyboard */ = {
			isa = PBXVariantGroup;
			children = (
				0D968B2C291D4CA7004A859A /* Base */,
			);
			name = LaunchScreen.storyboard;
			sourceTree = "<group>";
		};
/* End PBXVariantGroup section */

/* Begin XCBuildConfiguration section */
		0D968B2F291D4CA7004A859A /* Debug */ = {
			isa = XCBuildConfiguration;
			buildSettings = {
				ALWAYS_SEARCH_USER_PATHS = NO;
				CLANG_ANALYZER_NONNULL = YES;
				CLANG_ANALYZER_NUMBER_OBJECT_CONVERSION = YES_AGGRESSIVE;
				CLANG_CXX_LANGUAGE_STANDARD = "gnu++14";
				CLANG_CXX_LIBRARY = "libc++";
				CLANG_ENABLE_MODULES = YES;
				CLANG_ENABLE_OBJC_ARC = YES;
				CLANG_ENABLE_OBJC_WEAK = YES;
				CLANG_WARN_BLOCK_CAPTURE_AUTORELEASING = YES;
				CLANG_WARN_BOOL_CONVERSION = YES;
				CLANG_WARN_COMMA = YES;
				CLANG_WARN_CONSTANT_CONVERSION = YES;
				CLANG_WARN_DEPRECATED_OBJC_IMPLEMENTATIONS = YES;
				CLANG_WARN_DIRECT_OBJC_ISA_USAGE = YES_ERROR;
				CLANG_WARN_DOCUMENTATION_COMMENTS = YES;
				CLANG_WARN_EMPTY_BODY = YES;
				CLANG_WARN_ENUM_CONVERSION = YES;
				CLANG_WARN_INFINITE_RECURSION = YES;
				CLANG_WARN_INT_CONVERSION = YES;
				CLANG_WARN_NON_LITERAL_NULL_CONVERSION = YES;
				CLANG_WARN_OBJC_IMPLICIT_RETAIN_SELF = YES;
				CLANG_WARN_OBJC_LITERAL_CONVERSION = YES;
				CLANG_WARN_OBJC_ROOT_CLASS = YES_ERROR;
				CLANG_WARN_QUOTED_INCLUDE_IN_FRAMEWORK_HEADER = YES;
				CLANG_WARN_RANGE_LOOP_ANALYSIS = YES;
				CLANG_WARN_STRICT_PROTOTYPES = YES;
				CLANG_WARN_SUSPICIOUS_MOVE = YES;
				CLANG_WARN_UNGUARDED_AVAILABILITY = YES_AGGRESSIVE;
				CLANG_WARN_UNREACHABLE_CODE = YES;
				CLANG_WARN__DUPLICATE_METHOD_MATCH = YES;
				COPY_PHASE_STRIP = NO;
				DEBUG_INFORMATION_FORMAT = dwarf;
				ENABLE_STRICT_OBJC_MSGSEND = YES;
				ENABLE_TESTABILITY = YES;
				GCC_C_LANGUAGE_STANDARD = gnu11;
				GCC_DYNAMIC_NO_PIC = NO;
				GCC_NO_COMMON_BLOCKS = YES;
				GCC_OPTIMIZATION_LEVEL = 0;
				GCC_PREPROCESSOR_DEFINITIONS = (
					"DEBUG=1",
					"$(inherited)",
				);
				GCC_WARN_64_TO_32_BIT_CONVERSION = YES;
				GCC_WARN_ABOUT_RETURN_TYPE = YES_ERROR;
				GCC_WARN_UNDECLARED_SELECTOR = YES;
				GCC_WARN_UNINITIALIZED_AUTOS = YES_AGGRESSIVE;
				GCC_WARN_UNUSED_FUNCTION = YES;
				GCC_WARN_UNUSED_VARIABLE = YES;
				IPHONEOS_DEPLOYMENT_TARGET = 14.4;
				MTL_ENABLE_DEBUG_INFO = INCLUDE_SOURCE;
				MTL_FAST_MATH = YES;
				ONLY_ACTIVE_ARCH = YES;
				SDKROOT = iphoneos;
				SWIFT_ACTIVE_COMPILATION_CONDITIONS = DEBUG;
				SWIFT_OPTIMIZATION_LEVEL = "-Onone";
			};
			name = Debug;
		};
		0D968B30291D4CA7004A859A /* Release */ = {
			isa = XCBuildConfiguration;
			buildSettings = {
				ALWAYS_SEARCH_USER_PATHS = NO;
				CLANG_ANALYZER_NONNULL = YES;
				CLANG_ANALYZER_NUMBER_OBJECT_CONVERSION = YES_AGGRESSIVE;
				CLANG_CXX_LANGUAGE_STANDARD = "gnu++14";
				CLANG_CXX_LIBRARY = "libc++";
				CLANG_ENABLE_MODULES = YES;
				CLANG_ENABLE_OBJC_ARC = YES;
				CLANG_ENABLE_OBJC_WEAK = YES;
				CLANG_WARN_BLOCK_CAPTURE_AUTORELEASING = YES;
				CLANG_WARN_BOOL_CONVERSION = YES;
				CLANG_WARN_COMMA = YES;
				CLANG_WARN_CONSTANT_CONVERSION = YES;
				CLANG_WARN_DEPRECATED_OBJC_IMPLEMENTATIONS = YES;
				CLANG_WARN_DIRECT_OBJC_ISA_USAGE = YES_ERROR;
				CLANG_WARN_DOCUMENTATION_COMMENTS = YES;
				CLANG_WARN_EMPTY_BODY = YES;
				CLANG_WARN_ENUM_CONVERSION = YES;
				CLANG_WARN_INFINITE_RECURSION = YES;
				CLANG_WARN_INT_CONVERSION = YES;
				CLANG_WARN_NON_LITERAL_NULL_CONVERSION = YES;
				CLANG_WARN_OBJC_IMPLICIT_RETAIN_SELF = YES;
				CLANG_WARN_OBJC_LITERAL_CONVERSION = YES;
				CLANG_WARN_OBJC_ROOT_CLASS = YES_ERROR;
				CLANG_WARN_QUOTED_INCLUDE_IN_FRAMEWORK_HEADER = YES;
				CLANG_WARN_RANGE_LOOP_ANALYSIS = YES;
				CLANG_WARN_STRICT_PROTOTYPES = YES;
				CLANG_WARN_SUSPICIOUS_MOVE = YES;
				CLANG_WARN_UNGUARDED_AVAILABILITY = YES_AGGRESSIVE;
				CLANG_WARN_UNREACHABLE_CODE = YES;
				CLANG_WARN__DUPLICATE_METHOD_MATCH = YES;
				COPY_PHASE_STRIP = NO;
				DEBUG_INFORMATION_FORMAT = "dwarf-with-dsym";
				ENABLE_NS_ASSERTIONS = NO;
				ENABLE_STRICT_OBJC_MSGSEND = YES;
				GCC_C_LANGUAGE_STANDARD = gnu11;
				GCC_NO_COMMON_BLOCKS = YES;
				GCC_WARN_64_TO_32_BIT_CONVERSION = YES;
				GCC_WARN_ABOUT_RETURN_TYPE = YES_ERROR;
				GCC_WARN_UNDECLARED_SELECTOR = YES;
				GCC_WARN_UNINITIALIZED_AUTOS = YES_AGGRESSIVE;
				GCC_WARN_UNUSED_FUNCTION = YES;
				GCC_WARN_UNUSED_VARIABLE = YES;
				IPHONEOS_DEPLOYMENT_TARGET = 14.4;
				MTL_ENABLE_DEBUG_INFO = NO;
				MTL_FAST_MATH = YES;
				SDKROOT = iphoneos;
				SWIFT_COMPILATION_MODE = wholemodule;
				SWIFT_OPTIMIZATION_LEVEL = "-O";
				VALIDATE_PRODUCT = YES;
			};
			name = Release;
		};
		0D968B32291D4CA7004A859A /* Debug */ = {
			isa = XCBuildConfiguration;
			buildSettings = {
				ASSETCATALOG_COMPILER_APPICON_NAME = AppIcon;
				ASSETCATALOG_COMPILER_GLOBAL_ACCENT_COLOR_NAME = AccentColor;
				CODE_SIGN_STYLE = Automatic;
				DEVELOPMENT_TEAM = QZC9R363F7;
				INFOPLIST_FILE = test_tech/Info.plist;
				LD_RUNPATH_SEARCH_PATHS = (
					"$(inherited)",
					"@executable_path/Frameworks",
				);
				PRODUCT_BUNDLE_IDENTIFIER = "com.naltise.test.test-tech";
				PRODUCT_NAME = "$(TARGET_NAME)";
				SWIFT_VERSION = 5.0;
				TARGETED_DEVICE_FAMILY = "1,2";
			};
			name = Debug;
		};
		0D968B33291D4CA7004A859A /* Release */ = {
			isa = XCBuildConfiguration;
			buildSettings = {
				ASSETCATALOG_COMPILER_APPICON_NAME = AppIcon;
				ASSETCATALOG_COMPILER_GLOBAL_ACCENT_COLOR_NAME = AccentColor;
				CODE_SIGN_STYLE = Automatic;
				DEVELOPMENT_TEAM = QZC9R363F7;
				INFOPLIST_FILE = test_tech/Info.plist;
				LD_RUNPATH_SEARCH_PATHS = (
					"$(inherited)",
					"@executable_path/Frameworks",
				);
				PRODUCT_BUNDLE_IDENTIFIER = "com.naltise.test.test-tech";
				PRODUCT_NAME = "$(TARGET_NAME)";
				SWIFT_VERSION = 5.0;
				TARGETED_DEVICE_FAMILY = "1,2";
			};
			name = Release;
		};
/* End XCBuildConfiguration section */

/* Begin XCConfigurationList section */
		0D968B18291D4CA4004A859A /* Build configuration list for PBXProject "test_tech" */ = {
			isa = XCConfigurationList;
			buildConfigurations = (
				0D968B2F291D4CA7004A859A /* Debug */,
				0D968B30291D4CA7004A859A /* Release */,
			);
			defaultConfigurationIsVisible = 0;
			defaultConfigurationName = Release;
		};
		0D968B31291D4CA7004A859A /* Build configuration list for PBXNativeTarget "test_tech" */ = {
			isa = XCConfigurationList;
			buildConfigurations = (
				0D968B32291D4CA7004A859A /* Debug */,
				0D968B33291D4CA7004A859A /* Release */,
			);
			defaultConfigurationIsVisible = 0;
			defaultConfigurationName = Release;
		};
/* End XCConfigurationList section */
	};
	rootObject = 0D968B15291D4CA4004A859A /* Project object */;
}
